
Microsoft Visual Studio Solution File, Format Version 12.00
# Visual Studio Version 16
VisualStudioVersion = 16.0.30413.136
MinimumVisualStudioVersion = 10.0.40219.1
Project("{FAE04EC0-301F-11D3-BF4B-00C04F79EFBC}") = "TP-Parcial", "TP-Parcial\TP-Parcial.csproj", "{FEFC393C-A472-431A-8661-952C7847D82E}"
EndProject
Global
	GlobalSection(SolutionConfigurationPlatforms) = preSolution
		Debug|Any CPU = Debug|Any CPU
		Release|Any CPU = Release|Any CPU
	EndGlobalSection
	GlobalSection(ProjectConfigurationPlatforms) = postSolution
		{FEFC393C-A472-431A-8661-952C7847D82E}.Debug|Any CPU.ActiveCfg = Debug|Any CPU
		{FEFC393C-A472-431A-8661-952C7847D82E}.Debug|Any CPU.Build.0 = Debug|Any CPU
		{FEFC393C-A472-431A-8661-952C7847D82E}.Release|Any CPU.ActiveCfg = Release|Any CPU
		{FEFC393C-A472-431A-8661-952C7847D82E}.Release|Any CPU.Build.0 = Release|Any CPU
	EndGlobalSection
	GlobalSection(SolutionProperties) = preSolution
		HideSolutionNode = FALSE
	EndGlobalSection
	GlobalSection(ExtensibilityGlobals) = postSolution
		SolutionGuid = {D42C08D2-E7DA-4116-BBE3-6DDE34786BBD}
	EndGlobalSection
EndGlobal
